PODS:
  - AppAuth (1.7.6):
    - AppAuth/Core (= 1.7.6)
    - AppAuth/ExternalUserAgent (= 1.7.6)
  - AppAuth/Core (1.7.6)
  - AppAuth/ExternalUserAgent (1.7.6):
    - AppAuth/Core
  - AppCheckCore (11.2.0):
    - GoogleUtilities/Environment (~> 8.0)
    - GoogleUtilities/UserDefaults (~> 8.0)
    - PromisesObjC (~> 2.4)
  - Capacitor (7.4.3):
    - CapacitorCordova
  - CapacitorApp (7.0.2):
    - Capacitor
  - CapacitorCamera (7.0.2):
    - Capacitor
  - CapacitorCommunityContacts (6.1.1):
    - Capacitor
  - CapacitorCordova (7.4.3)
  - CapacitorHaptics (7.0.2):
    - Capacitor
  - CapacitorKeyboard (7.0.2):
    - Capacitor
  - CapacitorSplashScreen (7.0.2):
    - Capacitor
  - CapacitorStatusBar (7.0.2):
    - Capacitor
  - FirebaseAppCheckInterop (11.10.0)
  - FirebaseAuth (11.10.0):
    - FirebaseAppCheckInterop (~> 11.0)
    - FirebaseAuthInterop (~> 11.0)
    - FirebaseCore (~> 11.10.0)
    - FirebaseCoreExtension (~> 11.10.0)
    - GoogleUtilities/AppDelegateSwizzler (~> 8.0)
    - GoogleUtilities/Environment (~> 8.0)
    - GTMSessionFetcher/Core (< 5.0, >= 3.4)
    - RecaptchaInterop (~> 101.0)
  - FirebaseAuthInterop (11.10.0)
  - FirebaseCore (11.10.0):
    - FirebaseCoreInternal (~> 11.10.0)
    - GoogleUtilities/Environment (~> 8.0)
    - GoogleUtilities/Logger (~> 8.0)
  - FirebaseCoreExtension (11.10.0):
    - FirebaseCore (~> 11.10.0)
  - FirebaseCoreInternal (11.10.0):
    - "GoogleUtilities/NSData+zlib (~> 8.0)"
  - GoogleSignIn (8.0.0):
    - AppAuth (< 2.0, >= 1.7.3)
    - AppCheckCore (~> 11.0)
    - GTMAppAuth (< 5.0, >= 4.1.1)
    - GTMSessionFetcher/Core (~> 3.3)
  - GoogleUtilities/AppDelegateSwizzler (8.0.2):
    - GoogleUtilities/Environment
    - GoogleUtilities/Logger
    - GoogleUtilities/Network
    - GoogleUtilities/Privacy
  - GoogleUtilities/Environment (8.0.2):
    - GoogleUtilities/Privacy
  - GoogleUtilities/Logger (8.0.2):
    - GoogleUtilities/Environment
    - GoogleUtilities/Privacy
  - GoogleUtilities/Network (8.0.2):
    - GoogleUtilities/Logger
    - "GoogleUtilities/NSData+zlib"
    - GoogleUtilities/Privacy
    - GoogleUtilities/Reachability
  - "GoogleUtilities/NSData+zlib (8.0.2)":
    - GoogleUtilities/Privacy
  - GoogleUtilities/Privacy (8.0.2)
  - GoogleUtilities/Reachability (8.0.2):
    - GoogleUtilities/Logger
    - GoogleUtilities/Privacy
  - GoogleUtilities/UserDefaults (8.0.2):
    - GoogleUtilities/Logger
    - GoogleUtilities/Privacy
  - GTMAppAuth (4.1.1):
    - AppAuth/Core (~> 1.7)
    - GTMSessionFetcher/Core (< 4.0, >= 3.3)
  - GTMSessionFetcher/Core (3.5.0)
  - PromisesObjC (2.4.0)
  - RecaptchaInterop (101.0.0)
  - ZeenomCapacitorSocialLogin (0.0.6):
    - Capacitor
    - FirebaseAuth
    - FirebaseCore
    - GoogleSignIn

DEPENDENCIES:
  - "Capacitor (from `../../node_modules/.pnpm/@capacitor+ios@7.4.3_@capacitor+core@7.4.3/node_modules/@capacitor/ios`)"
  - "CapacitorApp (from `../../node_modules/.pnpm/@capacitor+app@7.0.2_@capacitor+core@7.4.3/node_modules/@capacitor/app`)"
  - "CapacitorCamera (from `../../node_modules/.pnpm/@capacitor+camera@7.0.2_@capacitor+core@7.4.3/node_modules/@capacitor/camera`)"
  - "CapacitorCommunityContacts (from `../../node_modules/.pnpm/@capacitor-community+contacts@6.1.1_@capacitor+core@7.4.3/node_modules/@capacitor-community/contacts`)"
  - "CapacitorCordova (from `../../node_modules/.pnpm/@capacitor+ios@7.4.3_@capacitor+core@7.4.3/node_modules/@capacitor/ios`)"
  - "CapacitorHaptics (from `../../node_modules/.pnpm/@capacitor+haptics@7.0.2_@capacitor+core@7.4.3/node_modules/@capacitor/haptics`)"
  - "CapacitorKeyboard (from `../../node_modules/.pnpm/@capacitor+keyboard@7.0.2_@capacitor+core@7.4.3/node_modules/@capacitor/keyboard`)"
  - "CapacitorSplashScreen (from `../../node_modules/.pnpm/@capacitor+splash-screen@7.0.2_@capacitor+core@7.4.3/node_modules/@capacitor/splash-screen`)"
  - "CapacitorStatusBar (from `../../node_modules/.pnpm/@capacitor+status-bar@7.0.2_@capacitor+core@7.4.3/node_modules/@capacitor/status-bar`)"
  - "ZeenomCapacitorSocialLogin (from `../../node_modules/.pnpm/zeenom-capacitor-social-login@0.0.6_@capacitor+core@7.4.3/node_modules/zeenom-capacitor-social-login`)"

SPEC REPOS:
  trunk:
    - AppAuth
    - AppCheckCore
    - FirebaseAppCheckInterop
    - FirebaseAuth
    - FirebaseAuthInterop
    - FirebaseCore
    - FirebaseCoreExtension
    - FirebaseCoreInternal
    - GoogleSignIn
    - GoogleUtilities
    - GTMAppAuth
    - GTMSessionFetcher
    - PromisesObjC
    - RecaptchaInterop

EXTERNAL SOURCES:
  Capacitor:
    :path: "../../node_modules/.pnpm/@capacitor+ios@7.4.3_@capacitor+core@7.4.3/node_modules/@capacitor/ios"
  CapacitorApp:
    :path: "../../node_modules/.pnpm/@capacitor+app@7.0.2_@capacitor+core@7.4.3/node_modules/@capacitor/app"
  CapacitorCamera:
    :path: "../../node_modules/.pnpm/@capacitor+camera@7.0.2_@capacitor+core@7.4.3/node_modules/@capacitor/camera"
  CapacitorCommunityContacts:
    :path: "../../node_modules/.pnpm/@capacitor-community+contacts@6.1.1_@capacitor+core@7.4.3/node_modules/@capacitor-community/contacts"
  CapacitorCordova:
    :path: "../../node_modules/.pnpm/@capacitor+ios@7.4.3_@capacitor+core@7.4.3/node_modules/@capacitor/ios"
  CapacitorHaptics:
    :path: "../../node_modules/.pnpm/@capacitor+haptics@7.0.2_@capacitor+core@7.4.3/node_modules/@capacitor/haptics"
  CapacitorKeyboard:
    :path: "../../node_modules/.pnpm/@capacitor+keyboard@7.0.2_@capacitor+core@7.4.3/node_modules/@capacitor/keyboard"
  CapacitorSplashScreen:
    :path: "../../node_modules/.pnpm/@capacitor+splash-screen@7.0.2_@capacitor+core@7.4.3/node_modules/@capacitor/splash-screen"
  CapacitorStatusBar:
    :path: "../../node_modules/.pnpm/@capacitor+status-bar@7.0.2_@capacitor+core@7.4.3/node_modules/@capacitor/status-bar"
  ZeenomCapacitorSocialLogin:
    :path: "../../node_modules/.pnpm/zeenom-capacitor-social-login@0.0.6_@capacitor+core@7.4.3/node_modules/zeenom-capacitor-social-login"

SPEC CHECKSUMS:
  AppAuth: d4f13a8fe0baf391b2108511793e4b479691fb73
  AppCheckCore: cc8fd0a3a230ddd401f326489c99990b013f0c4f
  Capacitor: 28d6c01026a9a3f7156529498ec1f389a2a28dbc
  CapacitorApp: 1f6922c9c5c8b1c538d7fbe92ebe44a81b34bed3
  CapacitorCamera: f9e54db0a18bb218a8dc360907d63aaefe9209ff
  CapacitorCommunityContacts: 9cde99c2cd212f6594677aae542436e2174c4ef2
  CapacitorCordova: 435121e81a2df4d0034f0fb11fcefab5104cfdb5
  CapacitorHaptics: b3fb2869e72c4466e18ce9ccbeb60a3d8723b3d4
  CapacitorKeyboard: a86aa9e4741b6444a802df26440a92ae041b34a6
  CapacitorSplashScreen: 157947576b59d913792063a8d442a79e6d283ee5
  CapacitorStatusBar: e04d05e121d5a5979c29eb4249186a4e4a84cacb
  FirebaseAppCheckInterop: 9664c858489710f682766ef54e2b6741d3b62070
  FirebaseAuth: c4146bdfdc87329f9962babd24dae89373f49a32
  FirebaseAuthInterop: 01a804fb074424fd58b92dd50dd0272277199356
  FirebaseCore: 8344daef5e2661eb004b177488d6f9f0f24251b7
  FirebaseCoreExtension: 6f357679327f3614e995dc7cf3f2d600bdc774ac
  FirebaseCoreInternal: ef4505d2afb1d0ebbc33162cb3795382904b5679
  GoogleSignIn: ce8c89bb9b37fb624b92e7514cc67335d1e277e4
  GoogleUtilities: 26a3abef001b6533cf678d3eb38fd3f614b7872d
  GTMAppAuth: f69bd07d68cd3b766125f7e072c45d7340dea0de
  GTMSessionFetcher: 5aea5ba6bd522a239e236100971f10cb71b96ab6
  PromisesObjC: f5707f49cb48b9636751c5b2e7d227e43fba9f47
  RecaptchaInterop: 11e0b637842dfb48308d242afc3f448062325aba
  ZeenomCapacitorSocialLogin: 8f1320eb9030bc6e7022c81987435536b5e09f34

PODFILE CHECKSUM: 5734e2a8c855d9b8f797b661af378d4d542a8431

COCOAPODS: 1.16.2
